{
  "nodes": {
    "nixpkgs": {
      "locked": {
        "lastModified": 1734779500,
        "narHash": "sha256-J5pCXgbFj9AkWId7lcwIX4KxsaEOReCo/L8/e3Fa5PU=",
        "owner": "nixos",
        "repo": "nixpkgs",
        "rev": "b5fce003f4f16f8409703cb140656da75015bb99",
        "type": "github"
      },
      "original": {
        "owner": "nixos",
        "repo": "nixpkgs",
        "type": "github"
      }
    },
    "root": {
      "inputs": {
        "nixpkgs": "nixpkgs"
      }
    }
  },
  "root": "root",
  "version": 7
}
